// !$*UTF8*$!
{
	archiveVersion = 1;
	classes = {
	};
	objectVersion = 50;
	objects = {

/* Begin PBXBuildFile section */
		F2395E7E221D000F009CD611 /* AnswerSelectionView.m in Sources */ = {isa = PBXBuildFile; fileRef = F2395E7D221D000F009CD611 /* AnswerSelectionView.m */; };
		F2395E84221FC9FA009CD611 /* AnswerViewController.m in Sources */ = {isa = PBXBuildFile; fileRef = F2395E83221FC9FA009CD611 /* AnswerViewController.m */; };
		F2F60AC1221A2BE700E9C63E /* AppDelegate.m in Sources */ = {isa = PBXBuildFile; fileRef = F2F60AC0221A2BE700E9C63E /* AppDelegate.m */; };
		F2F60AC7221A2BE700E9C63E /* Main.storyboard in Resources */ = {isa = PBXBuildFile; fileRef = F2F60AC5221A2BE700E9C63E /* Main.storyboard */; };
		F2F60AC9221A2BE700E9C63E /* Assets.xcassets in Resources */ = {isa = PBXBuildFile; fileRef = F2F60AC8221A2BE700E9C63E /* Assets.xcassets */; };
		F2F60ACC221A2BE700E9C63E /* LaunchScreen.storyboard in Resources */ = {isa = PBXBuildFile; fileRef = F2F60ACA221A2BE700E9C63E /* LaunchScreen.storyboard */; };
		F2F60ACF221A2BE700E9C63E /* main.m in Sources */ = {isa = PBXBuildFile; fileRef = F2F60ACE221A2BE700E9C63E /* main.m */; };
		F2F60AD9221A2BE800E9C63E /* iQuizTests.m in Sources */ = {isa = PBXBuildFile; fileRef = F2F60AD8221A2BE800E9C63E /* iQuizTests.m */; };
		F2F60AE7221A2D9B00E9C63E /* QuizSelectionViewController.m in Sources */ = {isa = PBXBuildFile; fileRef = F2F60AE6221A2D9B00E9C63E /* QuizSelectionViewController.m */; };
		F2F60AEE221A332300E9C63E /* QuizSelectionDataSource.m in Sources */ = {isa = PBXBuildFile; fileRef = F2F60AED221A332300E9C63E /* QuizSelectionDataSource.m */; };
		F2F60AF2221A35AF00E9C63E /* QuizTopic.m in Sources */ = {isa = PBXBuildFile; fileRef = F2F60AF1221A35AF00E9C63E /* QuizTopic.m */; };
		F2F60AF6221A3E8100E9C63E /* QuizTopicAPI.m in Sources */ = {isa = PBXBuildFile; fileRef = F2F60AF5221A3E8100E9C63E /* QuizTopicAPI.m */; };
		F2F60AF9221B6E1A00E9C63E /* WelcomeView.m in Sources */ = {isa = PBXBuildFile; fileRef = F2F60AF8221B6E1A00E9C63E /* WelcomeView.m */; };
		F2F60AFF221BD33300E9C63E /* QuestionViewController.m in Sources */ = {isa = PBXBuildFile; fileRef = F2F60AFE221BD33300E9C63E /* QuestionViewController.m */; };
		F2F60B02221BD4D300E9C63E /* QuizQuestion.m in Sources */ = {isa = PBXBuildFile; fileRef = F2F60B01221BD4D300E9C63E /* QuizQuestion.m */; };
		F2F60B05221BDB1300E9C63E /* QuizQuestionView.m in Sources */ = {isa = PBXBuildFile; fileRef = F2F60B04221BDB1300E9C63E /* QuizQuestionView.m */; };
/* End PBXBuildFile section */

/* Begin PBXContainerItemProxy section */
		F2F60AD5221A2BE700E9C63E /* PBXContainerItemProxy */ = {
			isa = PBXContainerItemProxy;
			containerPortal = F2F60AB4221A2BE700E9C63E /* Project object */;
			proxyType = 1;
			remoteGlobalIDString = F2F60ABB221A2BE700E9C63E;
			remoteInfo = iQuiz;
		};
/* End PBXContainerItemProxy section */

/* Begin PBXFileReference section */
		F2395E7C221D000F009CD611 /* AnswerSelectionView.h */ = {isa = PBXFileReference; lastKnownFileType = sourcecode.c.h; path = AnswerSelectionView.h; sourceTree = "<group>"; };
		F2395E7D221D000F009CD611 /* AnswerSelectionView.m */ = {isa = PBXFileReference; lastKnownFileType = sourcecode.c.objc; path = AnswerSelectionView.m; sourceTree = "<group>"; };
		F2395E82221FC9FA009CD611 /* AnswerViewController.h */ = {isa = PBXFileReference; lastKnownFileType = sourcecode.c.h; path = AnswerViewController.h; sourceTree = "<group>"; };
		F2395E83221FC9FA009CD611 /* AnswerViewController.m */ = {isa = PBXFileReference; lastKnownFileType = sourcecode.c.objc; path = AnswerViewController.m; sourceTree = "<group>"; };
		F2F60ABC221A2BE700E9C63E /* iQuiz.app */ = {isa = PBXFileReference; explicitFileType = wrapper.application; includeInIndex = 0; path = iQuiz.app; sourceTree = BUILT_PRODUCTS_DIR; };
		F2F60ABF221A2BE700E9C63E /* AppDelegate.h */ = {isa = PBXFileReference; lastKnownFileType = sourcecode.c.h; path = AppDelegate.h; sourceTree = "<group>"; };
		F2F60AC0221A2BE700E9C63E /* AppDelegate.m */ = {isa = PBXFileReference; lastKnownFileType = sourcecode.c.objc; path = AppDelegate.m; sourceTree = "<group>"; };
		F2F60AC6221A2BE700E9C63E /* Base */ = {isa = PBXFileReference; lastKnownFileType = file.storyboard; name = Base; path = Base.lproj/Main.storyboard; sourceTree = "<group>"; };
		F2F60AC8221A2BE700E9C63E /* Assets.xcassets */ = {isa = PBXFileReference; lastKnownFileType = folder.assetcatalog; path = Assets.xcassets; sourceTree = "<group>"; };
		F2F60ACB221A2BE700E9C63E /* Base */ = {isa = PBXFileReference; lastKnownFileType = file.storyboard; name = Base; path = Base.lproj/LaunchScreen.storyboard; sourceTree = "<group>"; };
		F2F60ACD221A2BE700E9C63E /* Info.plist */ = {isa = PBXFileReference; lastKnownFileType = text.plist.xml; path = Info.plist; sourceTree = "<group>"; };
		F2F60ACE221A2BE700E9C63E /* main.m */ = {isa = PBXFileReference; lastKnownFileType = sourcecode.c.objc; path = main.m; sourceTree = "<group>"; };
		F2F60AD4221A2BE700E9C63E /* iQuizTests.xctest */ = {isa = PBXFileReference; explicitFileType = wrapper.cfbundle; includeInIndex = 0; path = iQuizTests.xctest; sourceTree = BUILT_PRODUCTS_DIR; };
		F2F60AD8221A2BE800E9C63E /* iQuizTests.m */ = {isa = PBXFileReference; lastKnownFileType = sourcecode.c.objc; path = iQuizTests.m; sourceTree = "<group>"; };
		F2F60ADA221A2BE800E9C63E /* Info.plist */ = {isa = PBXFileReference; lastKnownFileType = text.plist.xml; path = Info.plist; sourceTree = "<group>"; };
		F2F60AE5221A2D9B00E9C63E /* QuizSelectionViewController.h */ = {isa = PBXFileReference; lastKnownFileType = sourcecode.c.h; path = QuizSelectionViewController.h; sourceTree = "<group>"; };
		F2F60AE6221A2D9B00E9C63E /* QuizSelectionViewController.m */ = {isa = PBXFileReference; lastKnownFileType = sourcecode.c.objc; path = QuizSelectionViewController.m; sourceTree = "<group>"; };
		F2F60AEC221A332300E9C63E /* QuizSelectionDataSource.h */ = {isa = PBXFileReference; lastKnownFileType = sourcecode.c.h; path = QuizSelectionDataSource.h; sourceTree = "<group>"; };
		F2F60AED221A332300E9C63E /* QuizSelectionDataSource.m */ = {isa = PBXFileReference; lastKnownFileType = sourcecode.c.objc; path = QuizSelectionDataSource.m; sourceTree = "<group>"; };
		F2F60AF0221A35AF00E9C63E /* QuizTopic.h */ = {isa = PBXFileReference; lastKnownFileType = sourcecode.c.h; path = QuizTopic.h; sourceTree = "<group>"; };
		F2F60AF1221A35AF00E9C63E /* QuizTopic.m */ = {isa = PBXFileReference; lastKnownFileType = sourcecode.c.objc; path = QuizTopic.m; sourceTree = "<group>"; };
		F2F60AF4221A3E8100E9C63E /* QuizTopicAPI.h */ = {isa = PBXFileReference; lastKnownFileType = sourcecode.c.h; path = QuizTopicAPI.h; sourceTree = "<group>"; };
		F2F60AF5221A3E8100E9C63E /* QuizTopicAPI.m */ = {isa = PBXFileReference; lastKnownFileType = sourcecode.c.objc; path = QuizTopicAPI.m; sourceTree = "<group>"; };
		F2F60AF7221B6E1A00E9C63E /* WelcomeView.h */ = {isa = PBXFileReference; lastKnownFileType = sourcecode.c.h; path = WelcomeView.h; sourceTree = "<group>"; };
		F2F60AF8221B6E1A00E9C63E /* WelcomeView.m */ = {isa = PBXFileReference; lastKnownFileType = sourcecode.c.objc; path = WelcomeView.m; sourceTree = "<group>"; };
		F2F60AFD221BD33300E9C63E /* QuestionViewController.h */ = {isa = PBXFileReference; lastKnownFileType = sourcecode.c.h; path = QuestionViewController.h; sourceTree = "<group>"; };
		F2F60AFE221BD33300E9C63E /* QuestionViewController.m */ = {isa = PBXFileReference; lastKnownFileType = sourcecode.c.objc; path = QuestionViewController.m; sourceTree = "<group>"; };
		F2F60B00221BD4D300E9C63E /* QuizQuestion.h */ = {isa = PBXFileReference; lastKnownFileType = sourcecode.c.h; path = QuizQuestion.h; sourceTree = "<group>"; };
		F2F60B01221BD4D300E9C63E /* QuizQuestion.m */ = {isa = PBXFileReference; lastKnownFileType = sourcecode.c.objc; path = QuizQuestion.m; sourceTree = "<group>"; };
		F2F60B03221BDB1300E9C63E /* QuizQuestionView.h */ = {isa = PBXFileReference; lastKnownFileType = sourcecode.c.h; path = QuizQuestionView.h; sourceTree = "<group>"; };
		F2F60B04221BDB1300E9C63E /* QuizQuestionView.m */ = {isa = PBXFileReference; lastKnownFileType = sourcecode.c.objc; path = QuizQuestionView.m; sourceTree = "<group>"; };
/* End PBXFileReference section */

/* Begin PBXFrameworksBuildPhase section */
		F2F60AB9221A2BE700E9C63E /* Frameworks */ = {
			isa = PBXFrameworksBuildPhase;
			buildActionMask = 2147483647;
			files = (
			);
			runOnlyForDeploymentPostprocessing = 0;
		};
		F2F60AD1221A2BE700E9C63E /* Frameworks */ = {
			isa = PBXFrameworksBuildPhase;
			buildActionMask = 2147483647;
			files = (
			);
			runOnlyForDeploymentPostprocessing = 0;
		};
/* End PBXFrameworksBuildPhase section */

/* Begin PBXGroup section */
		F2F60AB3221A2BE700E9C63E = {
			isa = PBXGroup;
			children = (
				F2F60ABE221A2BE700E9C63E /* iQuiz */,
				F2F60AD7221A2BE800E9C63E /* iQuizTests */,
				F2F60ABD221A2BE700E9C63E /* Products */,
			);
			sourceTree = "<group>";
		};
		F2F60ABD221A2BE700E9C63E /* Products */ = {
			isa = PBXGroup;
			children = (
				F2F60ABC221A2BE700E9C63E /* iQuiz.app */,
				F2F60AD4221A2BE700E9C63E /* iQuizTests.xctest */,
			);
			name = Products;
			sourceTree = "<group>";
		};
		F2F60ABE221A2BE700E9C63E /* iQuiz */ = {
			isa = PBXGroup;
			children = (
				F2F60AE4221A2C6100E9C63E /* Storyboards */,
				F2F60AF3221A3E2F00E9C63E /* APIs */,
				F2F60AEF221A352E00E9C63E /* Models */,
				F2F60AE8221A2EE900E9C63E /* Views */,
				F2F60AE3221A2C5000E9C63E /* View Controllers */,
				F2F60AEA221A2F0B00E9C63E /* Data Sources */,
				F2F60AE9221A2EF700E9C63E /* Delegates */,
				F2F60AC0221A2BE700E9C63E /* AppDelegate.m */,
				F2F60ABF221A2BE700E9C63E /* AppDelegate.h */,
				F2F60AC8221A2BE700E9C63E /* Assets.xcassets */,
				F2F60ACD221A2BE700E9C63E /* Info.plist */,
				F2F60ACE221A2BE700E9C63E /* main.m */,
			);
			path = iQuiz;
			sourceTree = "<group>";
		};
		F2F60AD7221A2BE800E9C63E /* iQuizTests */ = {
			isa = PBXGroup;
			children = (
				F2F60AD8221A2BE800E9C63E /* iQuizTests.m */,
				F2F60ADA221A2BE800E9C63E /* Info.plist */,
			);
			path = iQuizTests;
			sourceTree = "<group>";
		};
		F2F60AE3221A2C5000E9C63E /* View Controllers */ = {
			isa = PBXGroup;
			children = (
				F2F60AE5221A2D9B00E9C63E /* QuizSelectionViewController.h */,
				F2F60AE6221A2D9B00E9C63E /* QuizSelectionViewController.m */,
				F2F60AFD221BD33300E9C63E /* QuestionViewController.h */,
				F2F60AFE221BD33300E9C63E /* QuestionViewController.m */,
				F2395E82221FC9FA009CD611 /* AnswerViewController.h */,
				F2395E83221FC9FA009CD611 /* AnswerViewController.m */,
			);
			path = "View Controllers";
			sourceTree = "<group>";
		};
		F2F60AE4221A2C6100E9C63E /* Storyboards */ = {
			isa = PBXGroup;
			children = (
				F2F60AC5221A2BE700E9C63E /* Main.storyboard */,
				F2F60ACA221A2BE700E9C63E /* LaunchScreen.storyboard */,
			);
			path = Storyboards;
			sourceTree = "<group>";
		};
		F2F60AE8221A2EE900E9C63E /* Views */ = {
			isa = PBXGroup;
			children = (
				F2F60AF7221B6E1A00E9C63E /* WelcomeView.h */,
				F2F60AF8221B6E1A00E9C63E /* WelcomeView.m */,
				F2F60B03221BDB1300E9C63E /* QuizQuestionView.h */,
				F2F60B04221BDB1300E9C63E /* QuizQuestionView.m */,
				F2395E7C221D000F009CD611 /* AnswerSelectionView.h */,
				F2395E7D221D000F009CD611 /* AnswerSelectionView.m */,
			);
			path = Views;
			sourceTree = "<group>";
		};
		F2F60AE9221A2EF700E9C63E /* Delegates */ = {
			isa = PBXGroup;
			children = (
			);
			path = Delegates;
			sourceTree = "<group>";
		};
		F2F60AEA221A2F0B00E9C63E /* Data Sources */ = {
			isa = PBXGroup;
			children = (
				F2F60AEC221A332300E9C63E /* QuizSelectionDataSource.h */,
				F2F60AED221A332300E9C63E /* QuizSelectionDataSource.m */,
			);
			path = "Data Sources";
			sourceTree = "<group>";
		};
		F2F60AEF221A352E00E9C63E /* Models */ = {
			isa = PBXGroup;
			children = (
				F2F60AF0221A35AF00E9C63E /* QuizTopic.h */,
				F2F60AF1221A35AF00E9C63E /* QuizTopic.m */,
				F2F60B00221BD4D300E9C63E /* QuizQuestion.h */,
				F2F60B01221BD4D300E9C63E /* QuizQuestion.m */,
			);
			path = Models;
			sourceTree = "<group>";
		};
		F2F60AF3221A3E2F00E9C63E /* APIs */ = {
			isa = PBXGroup;
			children = (
				F2F60AF4221A3E8100E9C63E /* QuizTopicAPI.h */,
				F2F60AF5221A3E8100E9C63E /* QuizTopicAPI.m */,
			);
			path = APIs;
			sourceTree = "<group>";
		};
/* End PBXGroup section */

/* Begin PBXNativeTarget section */
		F2F60ABB221A2BE700E9C63E /* iQuiz */ = {
			isa = PBXNativeTarget;
			buildConfigurationList = F2F60ADD221A2BE800E9C63E /* Build configuration list for PBXNativeTarget "iQuiz" */;
			buildPhases = (
				F2F60AB8221A2BE700E9C63E /* Sources */,
				F2F60AB9221A2BE700E9C63E /* Frameworks */,
				F2F60ABA221A2BE700E9C63E /* Resources */,
			);
			buildRules = (
			);
			dependencies = (
			);
			name = iQuiz;
			productName = iQuiz;
			productReference = F2F60ABC221A2BE700E9C63E /* iQuiz.app */;
			productType = "com.apple.product-type.application";
		};
		F2F60AD3221A2BE700E9C63E /* iQuizTests */ = {
			isa = PBXNativeTarget;
			buildConfigurationList = F2F60AE0221A2BE800E9C63E /* Build configuration list for PBXNativeTarget "iQuizTests" */;
			buildPhases = (
				F2F60AD0221A2BE700E9C63E /* Sources */,
				F2F60AD1221A2BE700E9C63E /* Frameworks */,
				F2F60AD2221A2BE700E9C63E /* Resources */,
			);
			buildRules = (
			);
			dependencies = (
				F2F60AD6221A2BE700E9C63E /* PBXTargetDependency */,
			);
			name = iQuizTests;
			productName = iQuizTests;
			productReference = F2F60AD4221A2BE700E9C63E /* iQuizTests.xctest */;
			productType = "com.apple.product-type.bundle.unit-test";
		};
/* End PBXNativeTarget section */

/* Begin PBXProject section */
		F2F60AB4221A2BE700E9C63E /* Project object */ = {
			isa = PBXProject;
			attributes = {
				LastUpgradeCheck = 1010;
				ORGANIZATIONNAME = "Dustin Langner";
				TargetAttributes = {
					F2F60ABB221A2BE700E9C63E = {
						CreatedOnToolsVersion = 10.1;
					};
					F2F60AD3221A2BE700E9C63E = {
						CreatedOnToolsVersion = 10.1;
						TestTargetID = F2F60ABB221A2BE700E9C63E;
					};
				};
			};
			buildConfigurationList = F2F60AB7221A2BE700E9C63E /* Build configuration list for PBXProject "iQuiz" */;
			compatibilityVersion = "Xcode 9.3";
			developmentRegion = en;
			hasScannedForEncodings = 0;
			knownRegions = (
				en,
				Base,
			);
			mainGroup = F2F60AB3221A2BE700E9C63E;
			productRefGroup = F2F60ABD221A2BE700E9C63E /* Products */;
			projectDirPath = "";
			projectRoot = "";
			targets = (
				F2F60ABB221A2BE700E9C63E /* iQuiz */,
				F2F60AD3221A2BE700E9C63E /* iQuizTests */,
			);
		};
/* End PBXProject section */

/* Begin PBXResourcesBuildPhase section */
		F2F60ABA221A2BE700E9C63E /* Resources */ = {
			isa = PBXResourcesBuildPhase;
			buildActionMask = 2147483647;
			files = (
				F2F60ACC221A2BE700E9C63E /* LaunchScreen.storyboard in Resources */,
				F2F60AC9221A2BE700E9C63E /* Assets.xcassets in Resources */,
				F2F60AC7221A2BE700E9C63E /* Main.storyboard in Resources */,
			);
			runOnlyForDeploymentPostprocessing = 0;
		};
		F2F60AD2221A2BE700E9C63E /* Resources */ = {
			isa = PBXResourcesBuildPhase;
			buildActionMask = 2147483647;
			files = (
			);
			runOnlyForDeploymentPostprocessing = 0;
		};
/* End PBXResourcesBuildPhase section */

/* Begin PBXSourcesBuildPhase section */
		F2F60AB8221A2BE700E9C63E /* Sources */ = {
			isa = PBXSourcesBuildPhase;
			buildActionMask = 2147483647;
			files = (
				F2F60ACF221A2BE700E9C63E /* main.m in Sources */,
				F2F60AC1221A2BE700E9C63E /* AppDelegate.m in Sources */,
				F2F60AFF221BD33300E9C63E /* QuestionViewController.m in Sources */,
				F2F60AEE221A332300E9C63E /* QuizSelectionDataSource.m in Sources */,
				F2395E84221FC9FA009CD611 /* AnswerViewController.m in Sources */,
				F2F60AF2221A35AF00E9C63E /* QuizTopic.m in Sources */,
				F2F60AF9221B6E1A00E9C63E /* WelcomeView.m in Sources */,
				F2F60AE7221A2D9B00E9C63E /* QuizSelectionViewController.m in Sources */,
				F2F60B02221BD4D300E9C63E /* QuizQuestion.m in Sources */,
				F2F60AF6221A3E8100E9C63E /* QuizTopicAPI.m in Sources */,
				F2395E7E221D000F009CD611 /* AnswerSelectionView.m in Sources */,
				F2F60B05221BDB1300E9C63E /* QuizQuestionView.m in Sources */,
			);
			runOnlyForDeploymentPostprocessing = 0;
		};
		F2F60AD0221A2BE700E9C63E /* Sources */ = {
			isa = PBXSourcesBuildPhase;
			buildActionMask = 2147483647;
			files = (
				F2F60AD9221A2BE800E9C63E /* iQuizTests.m in Sources */,
			);
			runOnlyForDeploymentPostprocessing = 0;
		};
/* End PBXSourcesBuildPhase section */

/* Begin PBXTargetDependency section */
		F2F60AD6221A2BE700E9C63E /* PBXTargetDependency */ = {
			isa = PBXTargetDependency;
			target = F2F60ABB221A2BE700E9C63E /* iQuiz */;
			targetProxy = F2F60AD5221A2BE700E9C63E /* PBXContainerItemProxy */;
		};
/* End PBXTargetDependency section */

/* Begin PBXVariantGroup section */
		F2F60AC5221A2BE700E9C63E /* Main.storyboard */ = {
			isa = PBXVariantGroup;
			children = (
				F2F60AC6221A2BE700E9C63E /* Base */,
			);
			name = Main.storyboard;
			sourceTree = "<group>";
		};
		F2F60ACA221A2BE700E9C63E /* LaunchScreen.storyboard */ = {
			isa = PBXVariantGroup;
			children = (
				F2F60ACB221A2BE700E9C63E /* Base */,
			);
			name = LaunchScreen.storyboard;
			sourceTree = "<group>";
		};
/* End PBXVariantGroup section */

/* Begin XCBuildConfiguration section */
		F2F60ADB221A2BE800E9C63E /* Debug */ = {
			isa = XCBuildConfiguration;
			buildSettings = {
				ALWAYS_SEARCH_USER_PATHS = NO;
				CLANG_ANALYZER_NONNULL = YES;
				CLANG_ANALYZER_NUMBER_OBJECT_CONVERSION = YES_AGGRESSIVE;
				CLANG_CXX_LANGUAGE_STANDARD = "gnu++14";
				CLANG_CXX_LIBRARY = "libc++";
				CLANG_ENABLE_MODULES = YES;
				CLANG_ENABLE_OBJC_ARC = YES;
				CLANG_ENABLE_OBJC_WEAK = YES;
				CLANG_WARN_BLOCK_CAPTURE_AUTORELEASING = YES;
				CLANG_WARN_BOOL_CONVERSION = YES;
				CLANG_WARN_COMMA = YES;
				CLANG_WARN_CONSTANT_CONVERSION = YES;
				CLANG_WARN_DEPRECATED_OBJC_IMPLEMENTATIONS = YES;
				CLANG_WARN_DIRECT_OBJC_ISA_USAGE = YES_ERROR;
				CLANG_WARN_DOCUMENTATION_COMMENTS = YES;
				CLANG_WARN_EMPTY_BODY = YES;
				CLANG_WARN_ENUM_CONVERSION = YES;
				CLANG_WARN_INFINITE_RECURSION = YES;
				CLANG_WARN_INT_CONVERSION = YES;
				CLANG_WARN_NON_LITERAL_NULL_CONVERSION = YES;
				CLANG_WARN_OBJC_IMPLICIT_RETAIN_SELF = YES;
				CLANG_WARN_OBJC_LITERAL_CONVERSION = YES;
				CLANG_WARN_OBJC_ROOT_CLASS = YES_ERROR;
				CLANG_WARN_RANGE_LOOP_ANALYSIS = YES;
				CLANG_WARN_STRICT_PROTOTYPES = YES;
				CLANG_WARN_SUSPICIOUS_MOVE = YES;
				CLANG_WARN_UNGUARDED_AVAILABILITY = YES_AGGRESSIVE;
				CLANG_WARN_UNREACHABLE_CODE = YES;
				CLANG_WARN__DUPLICATE_METHOD_MATCH = YES;
				CODE_SIGN_IDENTITY = "iPhone Developer";
				COPY_PHASE_STRIP = NO;
				DEBUG_INFORMATION_FORMAT = dwarf;
				ENABLE_STRICT_OBJC_MSGSEND = YES;
				ENABLE_TESTABILITY = YES;
				GCC_C_LANGUAGE_STANDARD = gnu11;
				GCC_DYNAMIC_NO_PIC = NO;
				GCC_NO_COMMON_BLOCKS = YES;
				GCC_OPTIMIZATION_LEVEL = 0;
				GCC_PREPROCESSOR_DEFINITIONS = (
					"DEBUG=1",
					"$(inherited)",
				);
				GCC_WARN_64_TO_32_BIT_CONVERSION = YES;
				GCC_WARN_ABOUT_RETURN_TYPE = YES_ERROR;
				GCC_WARN_UNDECLARED_SELECTOR = YES;
				GCC_WARN_UNINITIALIZED_AUTOS = YES_AGGRESSIVE;
				GCC_WARN_UNUSED_FUNCTION = YES;
				GCC_WARN_UNUSED_VARIABLE = YES;
				IPHONEOS_DEPLOYMENT_TARGET = 12.1;
				MTL_ENABLE_DEBUG_INFO = INCLUDE_SOURCE;
				MTL_FAST_MATH = YES;
				ONLY_ACTIVE_ARCH = YES;
				SDKROOT = iphoneos;
			};
			name = Debug;
		};
		F2F60ADC221A2BE800E9C63E /* Release */ = {
			isa = XCBuildConfiguration;
			buildSettings = {
				ALWAYS_SEARCH_USER_PATHS = NO;
				CLANG_ANALYZER_NONNULL = YES;
				CLANG_ANALYZER_NUMBER_OBJECT_CONVERSION = YES_AGGRESSIVE;
				CLANG_CXX_LANGUAGE_STANDARD = "gnu++14";
				CLANG_CXX_LIBRARY = "libc++";
				CLANG_ENABLE_MODULES = YES;
				CLANG_ENABLE_OBJC_ARC = YES;
				CLANG_ENABLE_OBJC_WEAK = YES;
				CLANG_WARN_BLOCK_CAPTURE_AUTORELEASING = YES;
				CLANG_WARN_BOOL_CONVERSION = YES;
				CLANG_WARN_COMMA = YES;
				CLANG_WARN_CONSTANT_CONVERSION = YES;
				CLANG_WARN_DEPRECATED_OBJC_IMPLEMENTATIONS = YES;
				CLANG_WARN_DIRECT_OBJC_ISA_USAGE = YES_ERROR;
				CLANG_WARN_DOCUMENTATION_COMMENTS = YES;
				CLANG_WARN_EMPTY_BODY = YES;
				CLANG_WARN_ENUM_CONVERSION = YES;
				CLANG_WARN_INFINITE_RECURSION = YES;
				CLANG_WARN_INT_CONVERSION = YES;
				CLANG_WARN_NON_LITERAL_NULL_CONVERSION = YES;
				CLANG_WARN_OBJC_IMPLICIT_RETAIN_SELF = YES;
				CLANG_WARN_OBJC_LITERAL_CONVERSION = YES;
				CLANG_WARN_OBJC_ROOT_CLASS = YES_ERROR;
				CLANG_WARN_RANGE_LOOP_ANALYSIS = YES;
				CLANG_WARN_STRICT_PROTOTYPES = YES;
				CLANG_WARN_SUSPICIOUS_MOVE = YES;
				CLANG_WARN_UNGUARDED_AVAILABILITY = YES_AGGRESSIVE;
				CLANG_WARN_UNREACHABLE_CODE = YES;
				CLANG_WARN__DUPLICATE_METHOD_MATCH = YES;
				CODE_SIGN_IDENTITY = "iPhone Developer";
				COPY_PHASE_STRIP = NO;
				DEBUG_INFORMATION_FORMAT = "dwarf-with-dsym";
				ENABLE_NS_ASSERTIONS = NO;
				ENABLE_STRICT_OBJC_MSGSEND = YES;
				GCC_C_LANGUAGE_STANDARD = gnu11;
				GCC_NO_COMMON_BLOCKS = YES;
				GCC_WARN_64_TO_32_BIT_CONVERSION = YES;
				GCC_WARN_ABOUT_RETURN_TYPE = YES_ERROR;
				GCC_WARN_UNDECLARED_SELECTOR = YES;
				GCC_WARN_UNINITIALIZED_AUTOS = YES_AGGRESSIVE;
				GCC_WARN_UNUSED_FUNCTION = YES;
				GCC_WARN_UNUSED_VARIABLE = YES;
				IPHONEOS_DEPLOYMENT_TARGET = 12.1;
				MTL_ENABLE_DEBUG_INFO = NO;
				MTL_FAST_MATH = YES;
				SDKROOT = iphoneos;
				VALIDATE_PRODUCT = YES;
			};
			name = Release;
		};
		F2F60ADE221A2BE800E9C63E /* Debug */ = {
			isa = XCBuildConfiguration;
			buildSettings = {
				ASSETCATALOG_COMPILER_APPICON_NAME = AppIcon;
				CODE_SIGN_STYLE = Automatic;
				DEVELOPMENT_TEAM = Q3VQ743SQK;
				INFOPLIST_FILE = iQuiz/Info.plist;
				LD_RUNPATH_SEARCH_PATHS = (
					"$(inherited)",
					"@executable_path/Frameworks",
				);
				PRODUCT_BUNDLE_IDENTIFIER = com.dustinlangner.iQuiz;
				PRODUCT_NAME = "$(TARGET_NAME)";
				TARGETED_DEVICE_FAMILY = "1,2";
			};
			name = Debug;
		};
		F2F60ADF221A2BE800E9C63E /* Release */ = {
			isa = XCBuildConfiguration;
			buildSettings = {
				ASSETCATALOG_COMPILER_APPICON_NAME = AppIcon;
				CODE_SIGN_STYLE = Automatic;
				DEVELOPMENT_TEAM = Q3VQ743SQK;
				INFOPLIST_FILE = iQuiz/Info.plist;
				LD_RUNPATH_SEARCH_PATHS = (
					"$(inherited)",
					"@executable_path/Frameworks",
				);
				PRODUCT_BUNDLE_IDENTIFIER = com.dustinlangner.iQuiz;
				PRODUCT_NAME = "$(TARGET_NAME)";
				TARGETED_DEVICE_FAMILY = "1,2";
			};
			name = Release;
		};
		F2F60AE1221A2BE800E9C63E /* Debug */ = {
			isa = XCBuildConfiguration;
			buildSettings = {
				BUNDLE_LOADER = "$(TEST_HOST)";
				CODE_SIGN_STYLE = Automatic;
				DEVELOPMENT_TEAM = Q3VQ743SQK;
				INFOPLIST_FILE = iQuizTests/Info.plist;
				LD_RUNPATH_SEARCH_PATHS = (
					"$(inherited)",
					"@executable_path/Frameworks",
					"@loader_path/Frameworks",
				);
				PRODUCT_BUNDLE_IDENTIFIER = com.dustinlangner.iQuizTests;
				PRODUCT_NAME = "$(TARGET_NAME)";
				TARGETED_DEVICE_FAMILY = "1,2";
				TEST_HOST = "$(BUILT_PRODUCTS_DIR)/iQuiz.app/iQuiz";
			};
			name = Debug;
		};
		F2F60AE2221A2BE800E9C63E /* Release */ = {
			isa = XCBuildConfiguration;
			buildSettings = {
				BUNDLE_LOADER = "$(TEST_HOST)";
				CODE_SIGN_STYLE = Automatic;
				DEVELOPMENT_TEAM = Q3VQ743SQK;
				INFOPLIST_FILE = iQuizTests/Info.plist;
				LD_RUNPATH_SEARCH_PATHS = (
					"$(inherited)",
					"@executable_path/Frameworks",
					"@loader_path/Frameworks",
				);
				PRODUCT_BUNDLE_IDENTIFIER = com.dustinlangner.iQuizTests;
				PRODUCT_NAME = "$(TARGET_NAME)";
				TARGETED_DEVICE_FAMILY = "1,2";
				TEST_HOST = "$(BUILT_PRODUCTS_DIR)/iQuiz.app/iQuiz";
			};
			name = Release;
		};
/* End XCBuildConfiguration section */

/* Begin XCConfigurationList section */
		F2F60AB7221A2BE700E9C63E /* Build configuration list for PBXProject "iQuiz" */ = {
			isa = XCConfigurationList;
			buildConfigurations = (
				F2F60ADB221A2BE800E9C63E /* Debug */,
				F2F60ADC221A2BE800E9C63E /* Release */,
			);
			defaultConfigurationIsVisible = 0;
			defaultConfigurationName = Release;
		};
		F2F60ADD221A2BE800E9C63E /* Build configuration list for PBXNativeTarget "iQuiz" */ = {
			isa = XCConfigurationList;
			buildConfigurations = (
				F2F60ADE221A2BE800E9C63E /* Debug */,
				F2F60ADF221A2BE800E9C63E /* Release */,
			);
			defaultConfigurationIsVisible = 0;
			defaultConfigurationName = Release;
		};
		F2F60AE0221A2BE800E9C63E /* Build configuration list for PBXNativeTarget "iQuizTests" */ = {
			isa = XCConfigurationList;
			buildConfigurations = (
				F2F60AE1221A2BE800E9C63E /* Debug */,
				F2F60AE2221A2BE800E9C63E /* Release */,
			);
			defaultConfigurationIsVisible = 0;
			defaultConfigurationName = Release;
		};
/* End XCConfigurationList section */
	};
	rootObject = F2F60AB4221A2BE700E9C63E /* Project object */;
}
